
Microsoft Visual Studio Solution File, Format Version 12.00
# Visual Studio 14
VisualStudioVersion = 14.0.25420.1
MinimumVisualStudioVersion = 10.0.40219.1
Project("{FAE04EC0-301F-11D3-BF4B-00C04F79EFBC}") = "BoilerWebApi.Models", "BoilerWebApi.Models\BoilerWebApi.Models.csproj", "{3BFABECC-BE48-4955-8650-2318D97119EB}"
EndProject
Project("{FAE04EC0-301F-11D3-BF4B-00C04F79EFBC}") = "BoilerWebApi.Repository", "BoilerWebApi.Repository\BoilerWebApi.Repository.csproj", "{1493C81E-2B18-4D3E-8BF8-C7AF6687449D}"
EndProject
Project("{FAE04EC0-301F-11D3-BF4B-00C04F79EFBC}") = "BoilerWebApi.Logic", "BoilerWebApi.Logic\BoilerWebApi.Logic.csproj", "{3062A2F9-3986-4549-81B6-C7B8E2B70076}"
EndProject
Project("{FAE04EC0-301F-11D3-BF4B-00C04F79EFBC}") = "BoilerWebApi.SelfHost", "BoilerWebApi.SelfHost\BoilerWebApi.SelfHost.csproj", "{E280D70F-95C1-4DE4-98C9-92416C281E75}"
EndProject
Project("{FAE04EC0-301F-11D3-BF4B-00C04F79EFBC}") = "BoilerWebApi.UnitTest", "BoilerWebApi.UnitTest\BoilerWebApi.UnitTest.csproj", "{CFF5AEBF-A899-4DDF-93C3-98D9FB1B4639}"
EndProject
Project("{FAE04EC0-301F-11D3-BF4B-00C04F79EFBC}") = "BoilerWebApi.Shared", "BoilerWebApi.Shared\BoilerWebApi.Shared.csproj", "{DCE55ED3-B8C3-40AC-BFCF-83052F7A2A41}"
EndProject
Global
	GlobalSection(SolutionConfigurationPlatforms) = preSolution
		Debug|Any CPU = Debug|Any CPU
		Release|Any CPU = Release|Any CPU
	EndGlobalSection
	GlobalSection(ProjectConfigurationPlatforms) = postSolution
		{3BFABECC-BE48-4955-8650-2318D97119EB}.Debug|Any CPU.ActiveCfg = Debug|Any CPU
		{3BFABECC-BE48-4955-8650-2318D97119EB}.Debug|Any CPU.Build.0 = Debug|Any CPU
		{3BFABECC-BE48-4955-8650-2318D97119EB}.Release|Any CPU.ActiveCfg = Release|Any CPU
		{3BFABECC-BE48-4955-8650-2318D97119EB}.Release|Any CPU.Build.0 = Release|Any CPU
		{1493C81E-2B18-4D3E-8BF8-C7AF6687449D}.Debug|Any CPU.ActiveCfg = Debug|Any CPU
		{1493C81E-2B18-4D3E-8BF8-C7AF6687449D}.Debug|Any CPU.Build.0 = Debug|Any CPU
		{1493C81E-2B18-4D3E-8BF8-C7AF6687449D}.Release|Any CPU.ActiveCfg = Release|Any CPU
		{1493C81E-2B18-4D3E-8BF8-C7AF6687449D}.Release|Any CPU.Build.0 = Release|Any CPU
		{3062A2F9-3986-4549-81B6-C7B8E2B70076}.Debug|Any CPU.ActiveCfg = Debug|Any CPU
		{3062A2F9-3986-4549-81B6-C7B8E2B70076}.Debug|Any CPU.Build.0 = Debug|Any CPU
		{3062A2F9-3986-4549-81B6-C7B8E2B70076}.Release|Any CPU.ActiveCfg = Release|Any CPU
		{3062A2F9-3986-4549-81B6-C7B8E2B70076}.Release|Any CPU.Build.0 = Release|Any CPU
		{E280D70F-95C1-4DE4-98C9-92416C281E75}.Debug|Any CPU.ActiveCfg = Debug|Any CPU
		{E280D70F-95C1-4DE4-98C9-92416C281E75}.Debug|Any CPU.Build.0 = Debug|Any CPU
		{E280D70F-95C1-4DE4-98C9-92416C281E75}.Release|Any CPU.ActiveCfg = Release|Any CPU
		{E280D70F-95C1-4DE4-98C9-92416C281E75}.Release|Any CPU.Build.0 = Release|Any CPU
		{CFF5AEBF-A899-4DDF-93C3-98D9FB1B4639}.Debug|Any CPU.ActiveCfg = Debug|Any CPU
		{CFF5AEBF-A899-4DDF-93C3-98D9FB1B4639}.Debug|Any CPU.Build.0 = Debug|Any CPU
		{CFF5AEBF-A899-4DDF-93C3-98D9FB1B4639}.Release|Any CPU.ActiveCfg = Release|Any CPU
		{CFF5AEBF-A899-4DDF-93C3-98D9FB1B4639}.Release|Any CPU.Build.0 = Release|Any CPU
		{DCE55ED3-B8C3-40AC-BFCF-83052F7A2A41}.Debug|Any CPU.ActiveCfg = Debug|Any CPU
		{DCE55ED3-B8C3-40AC-BFCF-83052F7A2A41}.Debug|Any CPU.Build.0 = Debug|Any CPU
		{DCE55ED3-B8C3-40AC-BFCF-83052F7A2A41}.Release|Any CPU.ActiveCfg = Release|Any CPU
		{DCE55ED3-B8C3-40AC-BFCF-83052F7A2A41}.Release|Any CPU.Build.0 = Release|Any CPU
	EndGlobalSection
	GlobalSection(SolutionProperties) = preSolution
		HideSolutionNode = FALSE
	EndGlobalSection
EndGlobal
